
Microsoft Visual Studio Solution File, Format Version 12.00
# Visual Studio Version 16
VisualStudioVersion = 16.0.30503.244
MinimumVisualStudioVersion = 10.0.40219.1
Project("{8BC9CEB8-8B4A-11D0-8D11-00A0C91BC942}") = "Tp3", "Exo1\Exo1.vcxproj", "{309B9D01-B941-43E1-A0B9-5545484F0324}"
EndProject
Project("{8BC9CEB8-8B4A-11D0-8D11-00A0C91BC942}") = "Exo2", "Exo2\Exo2.vcxproj", "{B8ECE749-323A-4995-B5AD-1DED337213AD}"
EndProject
Project("{8BC9CEB8-8B4A-11D0-8D11-00A0C91BC942}") = "Exo3", "Exo3\Exo3.vcxproj", "{AB01E7E5-643B-44FD-A399-5CD53C289612}"
EndProject
Global
	GlobalSection(SolutionConfigurationPlatforms) = preSolution
		Debug|x64 = Debug|x64
		Debug|x86 = Debug|x86
		Release|x64 = Release|x64
		Release|x86 = Release|x86
	EndGlobalSection
	GlobalSection(ProjectConfigurationPlatforms) = postSolution
		{309B9D01-B941-43E1-A0B9-5545484F0324}.Debug|x64.ActiveCfg = Debug|x64
		{309B9D01-B941-43E1-A0B9-5545484F0324}.Debug|x64.Build.0 = Debug|x64
		{309B9D01-B941-43E1-A0B9-5545484F0324}.Debug|x86.ActiveCfg = Debug|Win32
		{309B9D01-B941-43E1-A0B9-5545484F0324}.Debug|x86.Build.0 = Debug|Win32
		{309B9D01-B941-43E1-A0B9-5545484F0324}.Release|x64.ActiveCfg = Release|x64
		{309B9D01-B941-43E1-A0B9-5545484F0324}.Release|x64.Build.0 = Release|x64
		{309B9D01-B941-43E1-A0B9-5545484F0324}.Release|x86.ActiveCfg = Release|Win32
		{309B9D01-B941-43E1-A0B9-5545484F0324}.Release|x86.Build.0 = Release|Win32
		{B8ECE749-323A-4995-B5AD-1DED337213AD}.Debug|x64.ActiveCfg = Debug|x64
		{B8ECE749-323A-4995-B5AD-1DED337213AD}.Debug|x64.Build.0 = Debug|x64
		{B8ECE749-323A-4995-B5AD-1DED337213AD}.Debug|x86.ActiveCfg = Debug|Win32
		{B8ECE749-323A-4995-B5AD-1DED337213AD}.Debug|x86.Build.0 = Debug|Win32
		{B8ECE749-323A-4995-B5AD-1DED337213AD}.Release|x64.ActiveCfg = Release|x64
		{B8ECE749-323A-4995-B5AD-1DED337213AD}.Release|x64.Build.0 = Release|x64
		{B8ECE749-323A-4995-B5AD-1DED337213AD}.Release|x86.ActiveCfg = Release|Win32
		{B8ECE749-323A-4995-B5AD-1DED337213AD}.Release|x86.Build.0 = Release|Win32
		{AB01E7E5-643B-44FD-A399-5CD53C289612}.Debug|x64.ActiveCfg = Debug|x64
		{AB01E7E5-643B-44FD-A399-5CD53C289612}.Debug|x64.Build.0 = Debug|x64
		{AB01E7E5-643B-44FD-A399-5CD53C289612}.Debug|x86.ActiveCfg = Debug|Win32
		{AB01E7E5-643B-44FD-A399-5CD53C289612}.Debug|x86.Build.0 = Debug|Win32
		{AB01E7E5-643B-44FD-A399-5CD53C289612}.Release|x64.ActiveCfg = Release|x64
		{AB01E7E5-643B-44FD-A399-5CD53C289612}.Release|x64.Build.0 = Release|x64
		{AB01E7E5-643B-44FD-A399-5CD53C289612}.Release|x86.ActiveCfg = Release|Win32
		{AB01E7E5-643B-44FD-A399-5CD53C289612}.Release|x86.Build.0 = Release|Win32
	EndGlobalSection
	GlobalSection(SolutionProperties) = preSolution
		HideSolutionNode = FALSE
	EndGlobalSection
	GlobalSection(ExtensibilityGlobals) = postSolution
		SolutionGuid = {AA390F07-BA5B-4F0A-AA25-575B595E97C3}
	EndGlobalSection
EndGlobal
